// !$*UTF8*$!
{
	archiveVersion = 1;
	classes = {
	};
	objectVersion = 46;
	objects = {

/* Begin PBXBuildFile section */
		31A5FE5614F2E0FD0050A971 /* UIKit.framework in Frameworks */ = {isa = PBXBuildFile; fileRef = 31A5FE5514F2E0FD0050A971 /* UIKit.framework */; };
		31A5FE5814F2E0FD0050A971 /* Foundation.framework in Frameworks */ = {isa = PBXBuildFile; fileRef = 31A5FE5714F2E0FD0050A971 /* Foundation.framework */; };
		31A5FE5A14F2E0FD0050A971 /* CoreGraphics.framework in Frameworks */ = {isa = PBXBuildFile; fileRef = 31A5FE5914F2E0FD0050A971 /* CoreGraphics.framework */; };
		31A5FE6014F2E0FD0050A971 /* InfoPlist.strings in Resources */ = {isa = PBXBuildFile; fileRef = 31A5FE5E14F2E0FD0050A971 /* InfoPlist.strings */; };
		31A5FE6214F2E0FD0050A971 /* main.m in Sources */ = {isa = PBXBuildFile; fileRef = 31A5FE6114F2E0FD0050A971 /* main.m */; };
		31A5FE6614F2E0FD0050A971 /* TSCAAppDelegate.m in Sources */ = {isa = PBXBuildFile; fileRef = 31A5FE6514F2E0FD0050A971 /* TSCAAppDelegate.m */; };
		31A5FE6914F2E0FD0050A971 /* MainStoryboard_iPhone.storyboard in Resources */ = {isa = PBXBuildFile; fileRef = 31A5FE6714F2E0FD0050A971 /* MainStoryboard_iPhone.storyboard */; };
		31A5FE6C14F2E0FD0050A971 /* MainStoryboard_iPad.storyboard in Resources */ = {isa = PBXBuildFile; fileRef = 31A5FE6A14F2E0FD0050A971 /* MainStoryboard_iPad.storyboard */; };
		31A5FE6F14F2E0FE0050A971 /* TSCAViewController.m in Sources */ = {isa = PBXBuildFile; fileRef = 31A5FE6E14F2E0FE0050A971 /* TSCAViewController.m */; };
		31A5FE7814F2E32A0050A971 /* TSCAAnimation.m in Sources */ = {isa = PBXBuildFile; fileRef = 31A5FE7714F2E32A0050A971 /* TSCAAnimation.m */; };
		31A5FE7A14F2EB880050A971 /* QuartzCore.framework in Frameworks */ = {isa = PBXBuildFile; fileRef = 31A5FE7914F2EB880050A971 /* QuartzCore.framework */; };
/* End PBXBuildFile section */

/* Begin PBXFileReference section */
		31A5FE5114F2E0FD0050A971 /* ControllableAnimation.app */ = {isa = PBXFileReference; explicitFileType = wrapper.application; includeInIndex = 0; path = ControllableAnimation.app; sourceTree = BUILT_PRODUCTS_DIR; };
		31A5FE5514F2E0FD0050A971 /* UIKit.framework */ = {isa = PBXFileReference; lastKnownFileType = wrapper.framework; name = UIKit.framework; path = System/Library/Frameworks/UIKit.framework; sourceTree = SDKROOT; };
		31A5FE5714F2E0FD0050A971 /* Foundation.framework */ = {isa = PBXFileReference; lastKnownFileType = wrapper.framework; name = Foundation.framework; path = System/Library/Frameworks/Foundation.framework; sourceTree = SDKROOT; };
		31A5FE5914F2E0FD0050A971 /* CoreGraphics.framework */ = {isa = PBXFileReference; lastKnownFileType = wrapper.framework; name = CoreGraphics.framework; path = System/Library/Frameworks/CoreGraphics.framework; sourceTree = SDKROOT; };
		31A5FE5D14F2E0FD0050A971 /* ControllableAnimation-Info.plist */ = {isa = PBXFileReference; lastKnownFileType = text.plist.xml; path = "ControllableAnimation-Info.plist"; sourceTree = "<group>"; };
		31A5FE5F14F2E0FD0050A971 /* en */ = {isa = PBXFileReference; lastKnownFileType = text.plist.strings; name = en; path = en.lproj/InfoPlist.strings; sourceTree = "<group>"; };
		31A5FE6114F2E0FD0050A971 /* main.m */ = {isa = PBXFileReference; lastKnownFileType = sourcecode.c.objc; path = main.m; sourceTree = "<group>"; };
		31A5FE6314F2E0FD0050A971 /* ControllableAnimation-Prefix.pch */ = {isa = PBXFileReference; lastKnownFileType = sourcecode.c.h; path = "ControllableAnimation-Prefix.pch"; sourceTree = "<group>"; };
		31A5FE6414F2E0FD0050A971 /* TSCAAppDelegate.h */ = {isa = PBXFileReference; lastKnownFileType = sourcecode.c.h; path = TSCAAppDelegate.h; sourceTree = "<group>"; };
		31A5FE6514F2E0FD0050A971 /* TSCAAppDelegate.m */ = {isa = PBXFileReference; lastKnownFileType = sourcecode.c.objc; path = TSCAAppDelegate.m; sourceTree = "<group>"; };
		31A5FE6814F2E0FD0050A971 /* en */ = {isa = PBXFileReference; lastKnownFileType = file.storyboard; name = en; path = en.lproj/MainStoryboard_iPhone.storyboard; sourceTree = "<group>"; };
		31A5FE6B14F2E0FD0050A971 /* en */ = {isa = PBXFileReference; lastKnownFileType = file.storyboard; name = en; path = en.lproj/MainStoryboard_iPad.storyboard; sourceTree = "<group>"; };
		31A5FE6D14F2E0FD0050A971 /* TSCAViewController.h */ = {isa = PBXFileReference; lastKnownFileType = sourcecode.c.h; path = TSCAViewController.h; sourceTree = "<group>"; };
		31A5FE6E14F2E0FE0050A971 /* TSCAViewController.m */ = {isa = PBXFileReference; lastKnownFileType = sourcecode.c.objc; path = TSCAViewController.m; sourceTree = "<group>"; };
		31A5FE7614F2E32A0050A971 /* TSCAAnimation.h */ = {isa = PBXFileReference; fileEncoding = 4; lastKnownFileType = sourcecode.c.h; name = TSCAAnimation.h; path = Animation/TSCAAnimation.h; sourceTree = "<group>"; };
		31A5FE7714F2E32A0050A971 /* TSCAAnimation.m */ = {isa = PBXFileReference; fileEncoding = 4; lastKnownFileType = sourcecode.c.objc; name = TSCAAnimation.m; path = Animation/TSCAAnimation.m; sourceTree = "<group>"; };
		31A5FE7914F2EB880050A971 /* QuartzCore.framework */ = {isa = PBXFileReference; lastKnownFileType = wrapper.framework; name = QuartzCore.framework; path = System/Library/Frameworks/QuartzCore.framework; sourceTree = SDKROOT; };
/* End PBXFileReference section */

/* Begin PBXFrameworksBuildPhase section */
		31A5FE4E14F2E0FD0050A971 /* Frameworks */ = {
			isa = PBXFrameworksBuildPhase;
			buildActionMask = 2147483647;
			files = (
				31A5FE7A14F2EB880050A971 /* QuartzCore.framework in Frameworks */,
				31A5FE5614F2E0FD0050A971 /* UIKit.framework in Frameworks */,
				31A5FE5814F2E0FD0050A971 /* Foundation.framework in Frameworks */,
				31A5FE5A14F2E0FD0050A971 /* CoreGraphics.framework in Frameworks */,
			);
			runOnlyForDeploymentPostprocessing = 0;
		};
/* End PBXFrameworksBuildPhase section */

/* Begin PBXGroup section */
		31A5FE4614F2E0FD0050A971 = {
			isa = PBXGroup;
			children = (
				31A5FE7914F2EB880050A971 /* QuartzCore.framework */,
				31A5FE5B14F2E0FD0050A971 /* ControllableAnimation */,
				31A5FE5414F2E0FD0050A971 /* Frameworks */,
				31A5FE5214F2E0FD0050A971 /* Products */,
			);
			sourceTree = "<group>";
		};
		31A5FE5214F2E0FD0050A971 /* Products */ = {
			isa = PBXGroup;
			children = (
				31A5FE5114F2E0FD0050A971 /* ControllableAnimation.app */,
			);
			name = Products;
			sourceTree = "<group>";
		};
		31A5FE5414F2E0FD0050A971 /* Frameworks */ = {
			isa = PBXGroup;
			children = (
				31A5FE5514F2E0FD0050A971 /* UIKit.framework */,
				31A5FE5714F2E0FD0050A971 /* Foundation.framework */,
				31A5FE5914F2E0FD0050A971 /* CoreGraphics.framework */,
			);
			name = Frameworks;
			sourceTree = "<group>";
		};
		31A5FE5B14F2E0FD0050A971 /* ControllableAnimation */ = {
			isa = PBXGroup;
			children = (
				31A5FE7514F2E2DE0050A971 /* Animation */,
				31A5FE6414F2E0FD0050A971 /* TSCAAppDelegate.h */,
				31A5FE6514F2E0FD0050A971 /* TSCAAppDelegate.m */,
				31A5FE6714F2E0FD0050A971 /* MainStoryboard_iPhone.storyboard */,
				31A5FE6A14F2E0FD0050A971 /* MainStoryboard_iPad.storyboard */,
				31A5FE6D14F2E0FD0050A971 /* TSCAViewController.h */,
				31A5FE6E14F2E0FE0050A971 /* TSCAViewController.m */,
				31A5FE5C14F2E0FD0050A971 /* Supporting Files */,
			);
			path = ControllableAnimation;
			sourceTree = "<group>";
		};
		31A5FE5C14F2E0FD0050A971 /* Supporting Files */ = {
			isa = PBXGroup;
			children = (
				31A5FE5D14F2E0FD0050A971 /* ControllableAnimation-Info.plist */,
				31A5FE5E14F2E0FD0050A971 /* InfoPlist.strings */,
				31A5FE6114F2E0FD0050A971 /* main.m */,
				31A5FE6314F2E0FD0050A971 /* ControllableAnimation-Prefix.pch */,
			);
			name = "Supporting Files";
			sourceTree = "<group>";
		};
		31A5FE7514F2E2DE0050A971 /* Animation */ = {
			isa = PBXGroup;
			children = (
				31A5FE7614F2E32A0050A971 /* TSCAAnimation.h */,
				31A5FE7714F2E32A0050A971 /* TSCAAnimation.m */,
			);
			name = Animation;
			sourceTree = "<group>";
		};
/* End PBXGroup section */

/* Begin PBXNativeTarget section */
		31A5FE5014F2E0FD0050A971 /* ControllableAnimation */ = {
			isa = PBXNativeTarget;
			buildConfigurationList = 31A5FE7214F2E0FE0050A971 /* Build configuration list for PBXNativeTarget "ControllableAnimation" */;
			buildPhases = (
				31A5FE4D14F2E0FD0050A971 /* Sources */,
				31A5FE4E14F2E0FD0050A971 /* Frameworks */,
				31A5FE4F14F2E0FD0050A971 /* Resources */,
			);
			buildRules = (
			);
			dependencies = (
			);
			name = ControllableAnimation;
			productName = ControllableAnimation;
			productReference = 31A5FE5114F2E0FD0050A971 /* ControllableAnimation.app */;
			productType = "com.apple.product-type.application";
		};
/* End PBXNativeTarget section */

/* Begin PBXProject section */
		31A5FE4814F2E0FD0050A971 /* Project object */ = {
			isa = PBXProject;
			attributes = {
				LastUpgradeCheck = 0420;
				ORGANIZATIONNAME = "Touchwonders B.V.";
			};
			buildConfigurationList = 31A5FE4B14F2E0FD0050A971 /* Build configuration list for PBXProject "ControllableAnimation" */;
			compatibilityVersion = "Xcode 3.2";
			developmentRegion = English;
			hasScannedForEncodings = 0;
			knownRegions = (
				en,
			);
			mainGroup = 31A5FE4614F2E0FD0050A971;
			productRefGroup = 31A5FE5214F2E0FD0050A971 /* Products */;
			projectDirPath = "";
			projectRoot = "";
			targets = (
				31A5FE5014F2E0FD0050A971 /* ControllableAnimation */,
			);
		};
/* End PBXProject section */

/* Begin PBXResourcesBuildPhase section */
		31A5FE4F14F2E0FD0050A971 /* Resources */ = {
			isa = PBXResourcesBuildPhase;
			buildActionMask = 2147483647;
			files = (
				31A5FE6014F2E0FD0050A971 /* InfoPlist.strings in Resources */,
				31A5FE6914F2E0FD0050A971 /* MainStoryboard_iPhone.storyboard in Resources */,
				31A5FE6C14F2E0FD0050A971 /* MainStoryboard_iPad.storyboard in Resources */,
			);
			runOnlyForDeploymentPostprocessing = 0;
		};
/* End PBXResourcesBuildPhase section */

/* Begin PBXSourcesBuildPhase section */
		31A5FE4D14F2E0FD0050A971 /* Sources */ = {
			isa = PBXSourcesBuildPhase;
			buildActionMask = 2147483647;
			files = (
				31A5FE6214F2E0FD0050A971 /* main.m in Sources */,
				31A5FE6614F2E0FD0050A971 /* TSCAAppDelegate.m in Sources */,
				31A5FE6F14F2E0FE0050A971 /* TSCAViewController.m in Sources */,
				31A5FE7814F2E32A0050A971 /* TSCAAnimation.m in Sources */,
			);
			runOnlyForDeploymentPostprocessing = 0;
		};
/* End PBXSourcesBuildPhase section */

/* Begin PBXVariantGroup section */
		31A5FE5E14F2E0FD0050A971 /* InfoPlist.strings */ = {
			isa = PBXVariantGroup;
			children = (
				31A5FE5F14F2E0FD0050A971 /* en */,
			);
			name = InfoPlist.strings;
			sourceTree = "<group>";
		};
		31A5FE6714F2E0FD0050A971 /* MainStoryboard_iPhone.storyboard */ = {
			isa = PBXVariantGroup;
			children = (
				31A5FE6814F2E0FD0050A971 /* en */,
			);
			name = MainStoryboard_iPhone.storyboard;
			sourceTree = "<group>";
		};
		31A5FE6A14F2E0FD0050A971 /* MainStoryboard_iPad.storyboard */ = {
			isa = PBXVariantGroup;
			children = (
				31A5FE6B14F2E0FD0050A971 /* en */,
			);
			name = MainStoryboard_iPad.storyboard;
			sourceTree = "<group>";
		};
/* End PBXVariantGroup section */

/* Begin XCBuildConfiguration section */
		31A5FE7014F2E0FE0050A971 /* Debug */ = {
			isa = XCBuildConfiguration;
			buildSettings = {
				ALWAYS_SEARCH_USER_PATHS = NO;
				ARCHS = "$(ARCHS_STANDARD_32_BIT)";
				CLANG_ENABLE_OBJC_ARC = YES;
				"CODE_SIGN_IDENTITY[sdk=iphoneos*]" = "iPhone Developer";
				COPY_PHASE_STRIP = NO;
				GCC_C_LANGUAGE_STANDARD = gnu99;
				GCC_DYNAMIC_NO_PIC = NO;
				GCC_OPTIMIZATION_LEVEL = 0;
				GCC_PREPROCESSOR_DEFINITIONS = (
					"DEBUG=1",
					"$(inherited)",
				);
				GCC_SYMBOLS_PRIVATE_EXTERN = NO;
				GCC_VERSION = com.apple.compilers.llvm.clang.1_0;
				GCC_WARN_ABOUT_MISSING_PROTOTYPES = YES;
				GCC_WARN_ABOUT_RETURN_TYPE = YES;
				GCC_WARN_UNUSED_VARIABLE = YES;
				IPHONEOS_DEPLOYMENT_TARGET = 5.0;
				SDKROOT = iphoneos;
				TARGETED_DEVICE_FAMILY = "1,2";
			};
			name = Debug;
		};
		31A5FE7114F2E0FE0050A971 /* Release */ = {
			isa = XCBuildConfiguration;
			buildSettings = {
				ALWAYS_SEARCH_USER_PATHS = NO;
				ARCHS = "$(ARCHS_STANDARD_32_BIT)";
				CLANG_ENABLE_OBJC_ARC = YES;
				"CODE_SIGN_IDENTITY[sdk=iphoneos*]" = "iPhone Developer";
				COPY_PHASE_STRIP = YES;
				GCC_C_LANGUAGE_STANDARD = gnu99;
				GCC_VERSION = com.apple.compilers.llvm.clang.1_0;
				GCC_WARN_ABOUT_MISSING_PROTOTYPES = YES;
				GCC_WARN_ABOUT_RETURN_TYPE = YES;
				GCC_WARN_UNUSED_VARIABLE = YES;
				IPHONEOS_DEPLOYMENT_TARGET = 5.0;
				OTHER_CFLAGS = "-DNS_BLOCK_ASSERTIONS=1";
				SDKROOT = iphoneos;
				TARGETED_DEVICE_FAMILY = "1,2";
				VALIDATE_PRODUCT = YES;
			};
			name = Release;
		};
		31A5FE7314F2E0FE0050A971 /* Debug */ = {
			isa = XCBuildConfiguration;
			buildSettings = {
				GCC_PRECOMPILE_PREFIX_HEADER = YES;
				GCC_PREFIX_HEADER = "ControllableAnimation/ControllableAnimation-Prefix.pch";
				INFOPLIST_FILE = "ControllableAnimation/ControllableAnimation-Info.plist";
				PRODUCT_NAME = "$(TARGET_NAME)";
				WRAPPER_EXTENSION = app;
			};
			name = Debug;
		};
		31A5FE7414F2E0FE0050A971 /* Release */ = {
			isa = XCBuildConfiguration;
			buildSettings = {
				GCC_PRECOMPILE_PREFIX_HEADER = YES;
				GCC_PREFIX_HEADER = "ControllableAnimation/ControllableAnimation-Prefix.pch";
				INFOPLIST_FILE = "ControllableAnimation/ControllableAnimation-Info.plist";
				PRODUCT_NAME = "$(TARGET_NAME)";
				WRAPPER_EXTENSION = app;
			};
			name = Release;
		};
/* End XCBuildConfiguration section */

/* Begin XCConfigurationList section */
		31A5FE4B14F2E0FD0050A971 /* Build configuration list for PBXProject "ControllableAnimation" */ = {
			isa = XCConfigurationList;
			buildConfigurations = (
				31A5FE7014F2E0FE0050A971 /* Debug */,
				31A5FE7114F2E0FE0050A971 /* Release */,
			);
			defaultConfigurationIsVisible = 0;
			defaultConfigurationName = Release;
		};
		31A5FE7214F2E0FE0050A971 /* Build configuration list for PBXNativeTarget "ControllableAnimation" */ = {
			isa = XCConfigurationList;
			buildConfigurations = (
				31A5FE7314F2E0FE0050A971 /* Debug */,
				31A5FE7414F2E0FE0050A971 /* Release */,
			);
			defaultConfigurationIsVisible = 0;
		};
/* End XCConfigurationList section */
	};
	rootObject = 31A5FE4814F2E0FD0050A971 /* Project object */;
}
